{
  "nodes": {
    "devshell": {
      "inputs": {
        "nixpkgs": [
          "nixpkgs"
        ],
        "systems": [
          "systems"
        ]
      },
      "locked": {
        "lastModified": 1687944744,
        "narHash": "sha256-4ZtRVG/5yWHPZpkit1Ak5Mo1DDnkx1AG1HpNu/P+n5U=",
        "owner": "numtide",
        "repo": "devshell",
        "rev": "3864857b2754ab0e16c7c7c626f0e5a1d4e42f38",
        "type": "github"
      },
      "original": {
        "owner": "numtide",
        "repo": "devshell",
        "type": "github"
      }
    },
    "flake-compat": {
      "flake": false,
      "locked": {
        "lastModified": 1688025799,
        "narHash": "sha256-ktpB4dRtnksm9F5WawoIkEneh1nrEvuxb5lJFt1iOyw=",
        "owner": "nix-community",
        "repo": "flake-compat",
        "rev": "8bf105319d44f6b9f0d764efa4fdef9f1cc9ba1c",
        "type": "github"
      },
      "original": {
        "owner": "nix-community",
        "repo": "flake-compat",
        "type": "github"
      }
    },
    "flake-utils": {
      "inputs": {
        "systems": [
          "systems"
        ]
      },
      "locked": {
        "lastModified": 1687709756,
        "narHash": "sha256-Y5wKlQSkgEK2weWdOu4J3riRd+kV/VCgHsqLNTTWQ/0=",
        "owner": "numtide",
        "repo": "flake-utils",
        "rev": "dbabf0ca0c0c4bce6ea5eaf65af5cb694d2082c7",
        "type": "github"
      },
      "original": {
        "owner": "numtide",
        "repo": "flake-utils",
        "type": "github"
      }
    },
    "nixpkgs": {
      "locked": {
        "lastModified": 1688100262,
        "narHash": "sha256-RlyMyeya6hClpgyMtKLYjf/watrWpyvlwInj8+d94lc=",
        "owner": "NixOS",
        "repo": "nixpkgs",
        "rev": "3c614fbc76fc152f3e1bc4b2263da6d90adf80fb",
        "type": "github"
      },
      "original": {
        "owner": "NixOS",
        "ref": "nixpkgs-unstable",
        "repo": "nixpkgs",
        "type": "github"
      }
    },
    "root": {
      "inputs": {
        "devshell": "devshell",
        "flake-compat": "flake-compat",
        "flake-utils": "flake-utils",
        "nixpkgs": "nixpkgs",
        "systems": "systems"
      }
    },
    "systems": {
      "locked": {
        "lastModified": 1687694171,
        "narHash": "sha256-m4E0xN69qKj/oKOj8OtiZcSFpFlO8paI6E3Wo5oXDJc=",
        "owner": "msfjarvis",
        "repo": "flake-systems",
        "rev": "7876462a5f60841e8b2712ad20dc18470f448e8d",
        "type": "github"
      },
      "original": {
        "owner": "msfjarvis",
        "repo": "flake-systems",
        "type": "github"
      }
    }
  },
  "root": "root",
  "version": 7
}
