github.com/adityatelange/hugo-PaperMod v0.0.0-20230723084445-6f29d35d7367 h1:WCokBHUr4vyX5Gm+zq8wvW/oN3uHoZyelLqb+qBmWrA=
github.com/adityatelange/hugo-PaperMod v0.0.0-20230723084445-6f29d35d7367/go.mod h1:HCHxNMKYdGafUYjVV3ICiAqznZK2yH0iI53jqcDFDdQ=
github.com/msfjarvis/hugo-social-metadata v1.0.0 h1:mfLnus8iznPGiyFkJC93eCWr1PrdiNyv2BSONX1ZQVg=
github.com/msfjarvis/hugo-social-metadata v1.0.0/go.mod h1:VfkrQTa9Gvdja58swLlBZz2/7ZEoj5nk9xt0pJAhfVo=
