github.com/knadh/hugo-ink v1.0.0 h1:hckIzk94DSV7ZngT70t+W7nV6ayg56qOK/BQMh0fxXA=
github.com/knadh/hugo-ink v1.0.0/go.mod h1:sUbc+cWg9QmDA9NjJYewZ8ooDE/bgCTgtO81Z+0DbTY=
github.com/msfjarvis/hugo-social-metadata v1.0.0 h1:mfLnus8iznPGiyFkJC93eCWr1PrdiNyv2BSONX1ZQVg=
github.com/msfjarvis/hugo-social-metadata v1.0.0/go.mod h1:VfkrQTa9Gvdja58swLlBZz2/7ZEoj5nk9xt0pJAhfVo=
