github.com/adityatelange/hugo-PaperMod v0.0.0-20231119191116-65d650fc4d2e h1:YF7DZY5EypnHl1pL9PZAiOIoIm52gUB++xhnDN5U070=
github.com/adityatelange/hugo-PaperMod v0.0.0-20231119191116-65d650fc4d2e/go.mod h1:HCHxNMKYdGafUYjVV3ICiAqznZK2yH0iI53jqcDFDdQ=
github.com/msfjarvis/hugo-social-metadata v1.0.0 h1:mfLnus8iznPGiyFkJC93eCWr1PrdiNyv2BSONX1ZQVg=
github.com/msfjarvis/hugo-social-metadata v1.0.0/go.mod h1:VfkrQTa9Gvdja58swLlBZz2/7ZEoj5nk9xt0pJAhfVo=
