# THIS IS AN AUTOGENERATED FILE. DO NOT EDIT THIS FILE DIRECTLY.
# yarn lockfile v1


prettier@^3.0.0:
  version "3.3.0"
  resolved "https://registry.yarnpkg.com/prettier/-/prettier-3.3.0.tgz#d173ea0524a691d4c0b1181752f2b46724328cdf"
  integrity sha512-J9odKxERhCQ10OC2yb93583f6UnYutOeiV5i0zEDS7UGTdUt0u+y8erxl3lBKvwo/JHyyoEdXjwp4dke9oyZ/g==
